
Microsoft Visual Studio Solution File, Format Version 12.00
# Visual Studio 15
VisualStudioVersion = 15.0.27703.2035
MinimumVisualStudioVersion = 10.0.40219.1
Project("{FAE04EC0-301F-11D3-BF4B-00C04F79EFBC}") = "CosmosDbClient", "CosmosDbClient\CosmosDbClient.csproj", "{CB290960-BB2D-4D65-B286-A3DF9E28B35A}"
EndProject
Project("{FAE04EC0-301F-11D3-BF4B-00C04F79EFBC}") = "CosmosDbTests", "CosmosDbTests\CosmosDbTests.csproj", "{96BEE785-5F53-4A94-A7F5-077252CD110F}"
EndProject
Global
	GlobalSection(SolutionConfigurationPlatforms) = preSolution
		Debug|Any CPU = Debug|Any CPU
		Release|Any CPU = Release|Any CPU
	EndGlobalSection
	GlobalSection(ProjectConfigurationPlatforms) = postSolution
		{CB290960-BB2D-4D65-B286-A3DF9E28B35A}.Debug|Any CPU.ActiveCfg = Debug|Any CPU
		{CB290960-BB2D-4D65-B286-A3DF9E28B35A}.Debug|Any CPU.Build.0 = Debug|Any CPU
		{CB290960-BB2D-4D65-B286-A3DF9E28B35A}.Release|Any CPU.ActiveCfg = Release|Any CPU
		{CB290960-BB2D-4D65-B286-A3DF9E28B35A}.Release|Any CPU.Build.0 = Release|Any CPU
		{96BEE785-5F53-4A94-A7F5-077252CD110F}.Debug|Any CPU.ActiveCfg = Debug|Any CPU
		{96BEE785-5F53-4A94-A7F5-077252CD110F}.Debug|Any CPU.Build.0 = Debug|Any CPU
		{96BEE785-5F53-4A94-A7F5-077252CD110F}.Release|Any CPU.ActiveCfg = Release|Any CPU
		{96BEE785-5F53-4A94-A7F5-077252CD110F}.Release|Any CPU.Build.0 = Release|Any CPU
	EndGlobalSection
	GlobalSection(SolutionProperties) = preSolution
		HideSolutionNode = FALSE
	EndGlobalSection
	GlobalSection(ExtensibilityGlobals) = postSolution
		SolutionGuid = {05E9284A-E8FE-4868-B477-77ACA7B86B67}
	EndGlobalSection
EndGlobal
